
Microsoft Visual Studio Solution File, Format Version 12.00
# Visual Studio Version 16
VisualStudioVersion = 16.0.30523.141
MinimumVisualStudioVersion = 10.0.40219.1
Project("{FAE04EC0-301F-11D3-BF4B-00C04F79EFBC}") = "YardımEliWeb", "YardımEliWeb\YardımEliWeb.csproj", "{F2ECB12D-8B69-45DD-A946-0C7BC5E9D0EA}"
EndProject
Global
	GlobalSection(SolutionConfigurationPlatforms) = preSolution
		Debug|Any CPU = Debug|Any CPU
		Release|Any CPU = Release|Any CPU
	EndGlobalSection
	GlobalSection(ProjectConfigurationPlatforms) = postSolution
		{F2ECB12D-8B69-45DD-A946-0C7BC5E9D0EA}.Debug|Any CPU.ActiveCfg = Debug|Any CPU
		{F2ECB12D-8B69-45DD-A946-0C7BC5E9D0EA}.Debug|Any CPU.Build.0 = Debug|Any CPU
		{F2ECB12D-8B69-45DD-A946-0C7BC5E9D0EA}.Release|Any CPU.ActiveCfg = Release|Any CPU
		{F2ECB12D-8B69-45DD-A946-0C7BC5E9D0EA}.Release|Any CPU.Build.0 = Release|Any CPU
	EndGlobalSection
	GlobalSection(SolutionProperties) = preSolution
		HideSolutionNode = FALSE
	EndGlobalSection
	GlobalSection(ExtensibilityGlobals) = postSolution
		SolutionGuid = {D81A51DF-7AEC-4402-93B6-5BD815FE6AD7}
	EndGlobalSection
EndGlobal
